
Microsoft Visual Studio Solution File, Format Version 12.00
# Visual Studio Version 17
VisualStudioVersion = 17.14.36221.1 d17.14
MinimumVisualStudioVersion = 10.0.40219.1
Project("{FAE04EC0-301F-11D3-BF4B-00C04F79EFBC}") = "ExaminationSystem.Web", "ExaminationSystem.Web\ExaminationSystem.Web.csproj", "{01DB6D4B-2390-46F0-A618-2851E4623F97}"
EndProject
Project("{2150E333-8FDC-42A3-9474-1A3956D46DE8}") = "Core", "Core", "{02EA681E-C7D8-13C7-8484-4AC65E1B71E8}"
EndProject
Project("{FAE04EC0-301F-11D3-BF4B-00C04F79EFBC}") = "Domain", "Core\Domain\Domain.csproj", "{7392E8F5-92B6-4C38-9585-DCA4DBCB7CD7}"
EndProject
Project("{FAE04EC0-301F-11D3-BF4B-00C04F79EFBC}") = "Services", "Core\Services\Services.csproj", "{07E64D4D-26B0-4D44-8CCB-EC05136741F3}"
EndProject
Project("{FAE04EC0-301F-11D3-BF4B-00C04F79EFBC}") = "ServicesAbstractions", "Core\ServicesAbstractions\ServicesAbstractions.csproj", "{C1D1EB38-824C-45DC-8424-7BD0351BDA12}"
EndProject
Project("{2150E333-8FDC-42A3-9474-1A3956D46DE8}") = "Infrastructure", "Infrastructure", "{604F5051-7CEC-49C9-A1BD-8F6A2DF19373}"
EndProject
Project("{FAE04EC0-301F-11D3-BF4B-00C04F79EFBC}") = "Persentation", "Infrastructure\Persentation\Persentation.csproj", "{C6FA8888-5499-48A0-A4D8-92B55019F115}"
EndProject
Project("{FAE04EC0-301F-11D3-BF4B-00C04F79EFBC}") = "Persistence", "Infrastructure\Persistence\Persistence.csproj", "{AB14396D-2201-4201-874A-F5E3D74806BE}"
EndProject
Project("{2150E333-8FDC-42A3-9474-1A3956D46DE8}") = "Shared", "Shared", "{203FCEDB-DF13-4FAE-930C-37C057F5D942}"
EndProject
Project("{FAE04EC0-301F-11D3-BF4B-00C04F79EFBC}") = "Shared", "Shared\Shared\Shared.csproj", "{D882C23E-B47B-4B5A-8851-6DD39EF1F217}"
EndProject
Global
	GlobalSection(SolutionConfigurationPlatforms) = preSolution
		Debug|Any CPU = Debug|Any CPU
		Release|Any CPU = Release|Any CPU
	EndGlobalSection
	GlobalSection(ProjectConfigurationPlatforms) = postSolution
		{01DB6D4B-2390-46F0-A618-2851E4623F97}.Debug|Any CPU.ActiveCfg = Debug|Any CPU
		{01DB6D4B-2390-46F0-A618-2851E4623F97}.Debug|Any CPU.Build.0 = Debug|Any CPU
		{01DB6D4B-2390-46F0-A618-2851E4623F97}.Release|Any CPU.ActiveCfg = Release|Any CPU
		{01DB6D4B-2390-46F0-A618-2851E4623F97}.Release|Any CPU.Build.0 = Release|Any CPU
		{7392E8F5-92B6-4C38-9585-DCA4DBCB7CD7}.Debug|Any CPU.ActiveCfg = Debug|Any CPU
		{7392E8F5-92B6-4C38-9585-DCA4DBCB7CD7}.Debug|Any CPU.Build.0 = Debug|Any CPU
		{7392E8F5-92B6-4C38-9585-DCA4DBCB7CD7}.Release|Any CPU.ActiveCfg = Release|Any CPU
		{7392E8F5-92B6-4C38-9585-DCA4DBCB7CD7}.Release|Any CPU.Build.0 = Release|Any CPU
		{07E64D4D-26B0-4D44-8CCB-EC05136741F3}.Debug|Any CPU.ActiveCfg = Debug|Any CPU
		{07E64D4D-26B0-4D44-8CCB-EC05136741F3}.Debug|Any CPU.Build.0 = Debug|Any CPU
		{07E64D4D-26B0-4D44-8CCB-EC05136741F3}.Release|Any CPU.ActiveCfg = Release|Any CPU
		{07E64D4D-26B0-4D44-8CCB-EC05136741F3}.Release|Any CPU.Build.0 = Release|Any CPU
		{C1D1EB38-824C-45DC-8424-7BD0351BDA12}.Debug|Any CPU.ActiveCfg = Debug|Any CPU
		{C1D1EB38-824C-45DC-8424-7BD0351BDA12}.Debug|Any CPU.Build.0 = Debug|Any CPU
		{C1D1EB38-824C-45DC-8424-7BD0351BDA12}.Release|Any CPU.ActiveCfg = Release|Any CPU
		{C1D1EB38-824C-45DC-8424-7BD0351BDA12}.Release|Any CPU.Build.0 = Release|Any CPU
		{C6FA8888-5499-48A0-A4D8-92B55019F115}.Debug|Any CPU.ActiveCfg = Debug|Any CPU
		{C6FA8888-5499-48A0-A4D8-92B55019F115}.Debug|Any CPU.Build.0 = Debug|Any CPU
		{C6FA8888-5499-48A0-A4D8-92B55019F115}.Release|Any CPU.ActiveCfg = Release|Any CPU
		{C6FA8888-5499-48A0-A4D8-92B55019F115}.Release|Any CPU.Build.0 = Release|Any CPU
		{AB14396D-2201-4201-874A-F5E3D74806BE}.Debug|Any CPU.ActiveCfg = Debug|Any CPU
		{AB14396D-2201-4201-874A-F5E3D74806BE}.Debug|Any CPU.Build.0 = Debug|Any CPU
		{AB14396D-2201-4201-874A-F5E3D74806BE}.Release|Any CPU.ActiveCfg = Release|Any CPU
		{AB14396D-2201-4201-874A-F5E3D74806BE}.Release|Any CPU.Build.0 = Release|Any CPU
		{D882C23E-B47B-4B5A-8851-6DD39EF1F217}.Debug|Any CPU.ActiveCfg = Debug|Any CPU
		{D882C23E-B47B-4B5A-8851-6DD39EF1F217}.Debug|Any CPU.Build.0 = Debug|Any CPU
		{D882C23E-B47B-4B5A-8851-6DD39EF1F217}.Release|Any CPU.ActiveCfg = Release|Any CPU
		{D882C23E-B47B-4B5A-8851-6DD39EF1F217}.Release|Any CPU.Build.0 = Release|Any CPU
	EndGlobalSection
	GlobalSection(SolutionProperties) = preSolution
		HideSolutionNode = FALSE
	EndGlobalSection
	GlobalSection(NestedProjects) = preSolution
		{7392E8F5-92B6-4C38-9585-DCA4DBCB7CD7} = {02EA681E-C7D8-13C7-8484-4AC65E1B71E8}
		{07E64D4D-26B0-4D44-8CCB-EC05136741F3} = {02EA681E-C7D8-13C7-8484-4AC65E1B71E8}
		{C1D1EB38-824C-45DC-8424-7BD0351BDA12} = {02EA681E-C7D8-13C7-8484-4AC65E1B71E8}
		{C6FA8888-5499-48A0-A4D8-92B55019F115} = {604F5051-7CEC-49C9-A1BD-8F6A2DF19373}
		{AB14396D-2201-4201-874A-F5E3D74806BE} = {604F5051-7CEC-49C9-A1BD-8F6A2DF19373}
		{D882C23E-B47B-4B5A-8851-6DD39EF1F217} = {203FCEDB-DF13-4FAE-930C-37C057F5D942}
	EndGlobalSection
	GlobalSection(ExtensibilityGlobals) = postSolution
		SolutionGuid = {7AB2A55E-9019-4BDD-9A7D-FDA9943B028E}
	EndGlobalSection
EndGlobal
